PODS:
  - Alamofire (5.10.2)
  - McPicker (3.0.0)
  - SwiftSpinner (2.2.0)
  - SwiftyJSON (5.0.2)
  - Toast-Swift (5.1.1)

DEPENDENCIES:
  - Alamofire (~> 5.10)
  - McPicker
  - SwiftSpinner
  - SwiftyJSON
  - Toast-Swift

SPEC REPOS:
  trunk:
    - Alamofire
    - McPicker
    - SwiftSpinner
    - SwiftyJSON
    - Toast-Swift

SPEC CHECKSUMS:
  Alamofire: 7193b3b92c74a07f85569e1a6c4f4237291e7496
  McPicker: 1681eb1b5765430924a9a78e9448649199fc10fa
  SwiftSpinner: 4c5516458736a83e33eb0b4e8e26399d89d2a52e
  SwiftyJSON: f5b1bf1cd8dd53cd25887ac0eabcfd92301c6a5a
  Toast-Swift: 7c0b573242bd101e6a82129b3d540858ea3d31b5

PODFILE CHECKSUM: 9d11c35f55e2159c56ac34c08c78e5268b4a2b7b

COCOAPODS: 1.16.2
